
Microsoft Visual Studio Solution File, Format Version 12.00
# Visual Studio Version 16
VisualStudioVersion = 16.0.30804.86
MinimumVisualStudioVersion = 10.0.40219.1
Project("{2150E333-8FDC-42A3-9474-1A3956D46DE8}") = "src", "src", "{0B6BC9F1-94C0-4CC0-95E1-9E95CD9C8D1B}"
EndProject
Project("{2150E333-8FDC-42A3-9474-1A3956D46DE8}") = "test", "test", "{9E86D7E9-B3AF-46DF-8E86-730FF02E12DC}"
EndProject
Project("{9A19103F-16F7-4668-BE54-9A1E7A4F7556}") = "MyEntity", "src\MyEntity\MyEntity.csproj", "{455314D1-3642-44B2-840D-590AC327CDBE}"
EndProject
Project("{9A19103F-16F7-4668-BE54-9A1E7A4F7556}") = "MyRepositories", "src\MyRepositories\MyRepositories.csproj", "{B5C2A99B-166E-43EE-A1E1-CB718687C07C}"
EndProject
Project("{9A19103F-16F7-4668-BE54-9A1E7A4F7556}") = "MyServices", "src\MyServices\MyServices.csproj", "{25197605-21FF-4A7C-A956-5D264C5DECF9}"
EndProject
Project("{9A19103F-16F7-4668-BE54-9A1E7A4F7556}") = "Utils", "src\Utils\Utils.csproj", "{1069C4FE-68DB-45C3-989F-6F375239BBDC}"
EndProject
Project("{9A19103F-16F7-4668-BE54-9A1E7A4F7556}") = "MyAuthorization", "src\MyAuthorization\MyAuthorization.csproj", "{C4CDE3B9-0F03-4CB2-9481-6CA296710610}"
EndProject
Project("{9A19103F-16F7-4668-BE54-9A1E7A4F7556}") = "MyEntityFrameworkCore", "src\MyEntityFrameworkCore\MyEntityFrameworkCore.csproj", "{EF9642D7-CECC-4419-9BAA-5D14F927C712}"
EndProject
Project("{2150E333-8FDC-42A3-9474-1A3956D46DE8}") = "Solution Items", "Solution Items", "{A0D432D3-3F0C-4BBA-B446-A802063789C9}"
	ProjectSection(SolutionItems) = preProject
		README.md = README.md
	EndProjectSection
EndProject
Project("{9A19103F-16F7-4668-BE54-9A1E7A4F7556}") = "MyAspNetCore", "src\MyAspNetCore\MyAspNetCore.csproj", "{B2875939-967D-4F7E-94B8-B884607E1182}"
EndProject
Project("{9A19103F-16F7-4668-BE54-9A1E7A4F7556}") = "MyCore", "src\MyCore\MyCore.csproj", "{A3E646FD-7F39-4FC2-97EA-CB86D84C427C}"
EndProject
Project("{9A19103F-16F7-4668-BE54-9A1E7A4F7556}") = "MyEmail", "src\MyEmail\MyEmail.csproj", "{70778417-EA26-4CB4-90B8-62BB5FA78904}"
EndProject
Project("{FAE04EC0-301F-11D3-BF4B-00C04F79EFBC}") = "MyRepositoriesTest", "test\MyRepositoriesTest\MyRepositoriesTest.csproj", "{8FE1D02E-C99B-4D7C-A185-146E21789B6C}"
EndProject
Project("{FAE04EC0-301F-11D3-BF4B-00C04F79EFBC}") = "TestBase", "test\TestBase\TestBase.csproj", "{2A957D48-3B7A-4880-BBD0-6BE132691F67}"
EndProject
Global
	GlobalSection(SolutionConfigurationPlatforms) = preSolution
		Debug|Any CPU = Debug|Any CPU
		Release|Any CPU = Release|Any CPU
	EndGlobalSection
	GlobalSection(ProjectConfigurationPlatforms) = postSolution
		{455314D1-3642-44B2-840D-590AC327CDBE}.Debug|Any CPU.ActiveCfg = Debug|Any CPU
		{455314D1-3642-44B2-840D-590AC327CDBE}.Debug|Any CPU.Build.0 = Debug|Any CPU
		{455314D1-3642-44B2-840D-590AC327CDBE}.Release|Any CPU.ActiveCfg = Release|Any CPU
		{455314D1-3642-44B2-840D-590AC327CDBE}.Release|Any CPU.Build.0 = Release|Any CPU
		{B5C2A99B-166E-43EE-A1E1-CB718687C07C}.Debug|Any CPU.ActiveCfg = Debug|Any CPU
		{B5C2A99B-166E-43EE-A1E1-CB718687C07C}.Debug|Any CPU.Build.0 = Debug|Any CPU
		{B5C2A99B-166E-43EE-A1E1-CB718687C07C}.Release|Any CPU.ActiveCfg = Release|Any CPU
		{B5C2A99B-166E-43EE-A1E1-CB718687C07C}.Release|Any CPU.Build.0 = Release|Any CPU
		{25197605-21FF-4A7C-A956-5D264C5DECF9}.Debug|Any CPU.ActiveCfg = Debug|Any CPU
		{25197605-21FF-4A7C-A956-5D264C5DECF9}.Debug|Any CPU.Build.0 = Debug|Any CPU
		{25197605-21FF-4A7C-A956-5D264C5DECF9}.Release|Any CPU.ActiveCfg = Release|Any CPU
		{25197605-21FF-4A7C-A956-5D264C5DECF9}.Release|Any CPU.Build.0 = Release|Any CPU
		{1069C4FE-68DB-45C3-989F-6F375239BBDC}.Debug|Any CPU.ActiveCfg = Debug|Any CPU
		{1069C4FE-68DB-45C3-989F-6F375239BBDC}.Debug|Any CPU.Build.0 = Debug|Any CPU
		{1069C4FE-68DB-45C3-989F-6F375239BBDC}.Release|Any CPU.ActiveCfg = Release|Any CPU
		{1069C4FE-68DB-45C3-989F-6F375239BBDC}.Release|Any CPU.Build.0 = Release|Any CPU
		{C4CDE3B9-0F03-4CB2-9481-6CA296710610}.Debug|Any CPU.ActiveCfg = Debug|Any CPU
		{C4CDE3B9-0F03-4CB2-9481-6CA296710610}.Debug|Any CPU.Build.0 = Debug|Any CPU
		{C4CDE3B9-0F03-4CB2-9481-6CA296710610}.Release|Any CPU.ActiveCfg = Release|Any CPU
		{C4CDE3B9-0F03-4CB2-9481-6CA296710610}.Release|Any CPU.Build.0 = Release|Any CPU
		{EF9642D7-CECC-4419-9BAA-5D14F927C712}.Debug|Any CPU.ActiveCfg = Debug|Any CPU
		{EF9642D7-CECC-4419-9BAA-5D14F927C712}.Debug|Any CPU.Build.0 = Debug|Any CPU
		{EF9642D7-CECC-4419-9BAA-5D14F927C712}.Release|Any CPU.ActiveCfg = Release|Any CPU
		{EF9642D7-CECC-4419-9BAA-5D14F927C712}.Release|Any CPU.Build.0 = Release|Any CPU
		{B2875939-967D-4F7E-94B8-B884607E1182}.Debug|Any CPU.ActiveCfg = Debug|Any CPU
		{B2875939-967D-4F7E-94B8-B884607E1182}.Debug|Any CPU.Build.0 = Debug|Any CPU
		{B2875939-967D-4F7E-94B8-B884607E1182}.Release|Any CPU.ActiveCfg = Release|Any CPU
		{B2875939-967D-4F7E-94B8-B884607E1182}.Release|Any CPU.Build.0 = Release|Any CPU
		{A3E646FD-7F39-4FC2-97EA-CB86D84C427C}.Debug|Any CPU.ActiveCfg = Debug|Any CPU
		{A3E646FD-7F39-4FC2-97EA-CB86D84C427C}.Debug|Any CPU.Build.0 = Debug|Any CPU
		{A3E646FD-7F39-4FC2-97EA-CB86D84C427C}.Release|Any CPU.ActiveCfg = Release|Any CPU
		{A3E646FD-7F39-4FC2-97EA-CB86D84C427C}.Release|Any CPU.Build.0 = Release|Any CPU
		{70778417-EA26-4CB4-90B8-62BB5FA78904}.Debug|Any CPU.ActiveCfg = Debug|Any CPU
		{70778417-EA26-4CB4-90B8-62BB5FA78904}.Debug|Any CPU.Build.0 = Debug|Any CPU
		{70778417-EA26-4CB4-90B8-62BB5FA78904}.Release|Any CPU.ActiveCfg = Release|Any CPU
		{70778417-EA26-4CB4-90B8-62BB5FA78904}.Release|Any CPU.Build.0 = Release|Any CPU
		{8FE1D02E-C99B-4D7C-A185-146E21789B6C}.Debug|Any CPU.ActiveCfg = Debug|Any CPU
		{8FE1D02E-C99B-4D7C-A185-146E21789B6C}.Debug|Any CPU.Build.0 = Debug|Any CPU
		{8FE1D02E-C99B-4D7C-A185-146E21789B6C}.Release|Any CPU.ActiveCfg = Release|Any CPU
		{8FE1D02E-C99B-4D7C-A185-146E21789B6C}.Release|Any CPU.Build.0 = Release|Any CPU
		{2A957D48-3B7A-4880-BBD0-6BE132691F67}.Debug|Any CPU.ActiveCfg = Debug|Any CPU
		{2A957D48-3B7A-4880-BBD0-6BE132691F67}.Debug|Any CPU.Build.0 = Debug|Any CPU
		{2A957D48-3B7A-4880-BBD0-6BE132691F67}.Release|Any CPU.ActiveCfg = Release|Any CPU
		{2A957D48-3B7A-4880-BBD0-6BE132691F67}.Release|Any CPU.Build.0 = Release|Any CPU
	EndGlobalSection
	GlobalSection(SolutionProperties) = preSolution
		HideSolutionNode = FALSE
	EndGlobalSection
	GlobalSection(NestedProjects) = preSolution
		{455314D1-3642-44B2-840D-590AC327CDBE} = {0B6BC9F1-94C0-4CC0-95E1-9E95CD9C8D1B}
		{B5C2A99B-166E-43EE-A1E1-CB718687C07C} = {0B6BC9F1-94C0-4CC0-95E1-9E95CD9C8D1B}
		{25197605-21FF-4A7C-A956-5D264C5DECF9} = {0B6BC9F1-94C0-4CC0-95E1-9E95CD9C8D1B}
		{1069C4FE-68DB-45C3-989F-6F375239BBDC} = {0B6BC9F1-94C0-4CC0-95E1-9E95CD9C8D1B}
		{C4CDE3B9-0F03-4CB2-9481-6CA296710610} = {0B6BC9F1-94C0-4CC0-95E1-9E95CD9C8D1B}
		{EF9642D7-CECC-4419-9BAA-5D14F927C712} = {0B6BC9F1-94C0-4CC0-95E1-9E95CD9C8D1B}
		{B2875939-967D-4F7E-94B8-B884607E1182} = {0B6BC9F1-94C0-4CC0-95E1-9E95CD9C8D1B}
		{A3E646FD-7F39-4FC2-97EA-CB86D84C427C} = {0B6BC9F1-94C0-4CC0-95E1-9E95CD9C8D1B}
		{70778417-EA26-4CB4-90B8-62BB5FA78904} = {0B6BC9F1-94C0-4CC0-95E1-9E95CD9C8D1B}
		{8FE1D02E-C99B-4D7C-A185-146E21789B6C} = {9E86D7E9-B3AF-46DF-8E86-730FF02E12DC}
		{2A957D48-3B7A-4880-BBD0-6BE132691F67} = {9E86D7E9-B3AF-46DF-8E86-730FF02E12DC}
	EndGlobalSection
	GlobalSection(ExtensibilityGlobals) = postSolution
		SolutionGuid = {B782D6A8-4EDC-4C56-A0D1-D292B63F65E3}
	EndGlobalSection
EndGlobal
